// !$*UTF8*$!
{
	archiveVersion = 1;
	classes = {
	};
	objectVersion = 46;
	objects = {

/* Begin PBXBuildFile section */
		0A58F3D4111CB6B50075A94F /* AudioToolbox.framework in Frameworks */ = {isa = PBXBuildFile; fileRef = 0A58F3D3111CB6B50075A94F /* AudioToolbox.framework */; };
		0A63D1C011ECEE0400686627 /* MainWindow.xib in Resources */ = {isa = PBXBuildFile; fileRef = 0A63D1BC11ECEE0400686627 /* MainWindow.xib */; };
		0A63D29511ED1D6900686627 /* rounded_rectangle.png in Resources */ = {isa = PBXBuildFile; fileRef = 0A63D29111ED1D6900686627 /* rounded_rectangle.png */; };
		0A63D36711ED318800686627 /* Icon-72.png in Resources */ = {isa = PBXBuildFile; fileRef = 0A63D36011ED318800686627 /* Icon-72.png */; };
		0A63D36811ED318800686627 /* Icon-Small-50.png in Resources */ = {isa = PBXBuildFile; fileRef = 0A63D36111ED318800686627 /* Icon-Small-50.png */; };
		0A63D36911ED318800686627 /* Icon-Small.png in Resources */ = {isa = PBXBuildFile; fileRef = 0A63D36211ED318800686627 /* Icon-Small.png */; };
		0A63D36A11ED318800686627 /* Icon-Small@2x.png in Resources */ = {isa = PBXBuildFile; fileRef = 0A63D36311ED318800686627 /* Icon-Small@2x.png */; };
		0A63D36B11ED318800686627 /* Icon.png in Resources */ = {isa = PBXBuildFile; fileRef = 0A63D36411ED318800686627 /* Icon.png */; };
		0A63D36C11ED318800686627 /* Icon@2x.png in Resources */ = {isa = PBXBuildFile; fileRef = 0A63D36511ED318800686627 /* Icon@2x.png */; };
		0A63D36D11ED318800686627 /* iTunesArtwork in Resources */ = {isa = PBXBuildFile; fileRef = 0A63D36611ED318800686627 /* iTunesArtwork */; };
		0A63D37711ED322500686627 /* Default.png in Resources */ = {isa = PBXBuildFile; fileRef = 0A63D37611ED322500686627 /* Default.png */; };
		0ACE7994118E259E00C092B8 /* AVFoundation.framework in Frameworks */ = {isa = PBXBuildFile; fileRef = 0ACE7993118E259E00C092B8 /* AVFoundation.framework */; };
		0AFAF1E0111B982200B42D9F /* MixerHostAudio.m in Sources */ = {isa = PBXBuildFile; fileRef = 0AFAF1DF111B982200B42D9F /* MixerHostAudio.m */; };
		120AFC09147AC56400881631 /* SNFCoreAudioUtils.c in Sources */ = {isa = PBXBuildFile; fileRef = 120AFC07147AC56400881631 /* SNFCoreAudioUtils.c */; };
		125F63CC16E3FF69004D1BFF /* MixerHostViewController.xib in Resources */ = {isa = PBXBuildFile; fileRef = 125F63CA16E3FF69004D1BFF /* MixerHostViewController.xib */; };
		125F63CF16E3FF7A004D1BFF /* MixerHostViewController~ipad.xib in Resources */ = {isa = PBXBuildFile; fileRef = 125F63CD16E3FF7A004D1BFF /* MixerHostViewController~ipad.xib */; };
		125FA8CE148B77FC0012A06D /* Default-Portrait~ipad.png in Resources */ = {isa = PBXBuildFile; fileRef = 125FA8CD148B77FC0012A06D /* Default-Portrait~ipad.png */; };
		1265ACBB1487203500122583 /* Sounds in Resources */ = {isa = PBXBuildFile; fileRef = 1265ACBA1487203500122583 /* Sounds */; };
		128D14A5148B773600A14BF4 /* Default@2x.png in Resources */ = {isa = PBXBuildFile; fileRef = 128D14A3148B773600A14BF4 /* Default@2x.png */; };
		12A466BB148A6F6D0051ADA3 /* MainWindow-iPad.xib in Resources */ = {isa = PBXBuildFile; fileRef = 12A466B9148A6F6D0051ADA3 /* MainWindow-iPad.xib */; };
		12B1F29D146A1F1A009C0367 /* TPCircularBuffer.c in Sources */ = {isa = PBXBuildFile; fileRef = 12B1F29C146A1F1A009C0367 /* TPCircularBuffer.c */; };
		12DEF623148538300047696C /* congaloop.caf in Resources */ = {isa = PBXBuildFile; fileRef = 12DEF622148538300047696C /* congaloop.caf */; };
		12DEF625148539930047696C /* caitlin.caf in Resources */ = {isa = PBXBuildFile; fileRef = 12DEF624148539930047696C /* caitlin.caf */; };
		12DEF62D148602D50047696C /* lead.aupreset in Resources */ = {isa = PBXBuildFile; fileRef = 12DEF62C148602D50047696C /* lead.aupreset */; };
		12E21C7616E3CF7800BAAB3F /* Default-568h@2x.png in Resources */ = {isa = PBXBuildFile; fileRef = 12E21C7516E3CF7800BAAB3F /* Default-568h@2x.png */; };
		12F035A113CA7DD6001B5A27 /* smbPitchShift.m in Sources */ = {isa = PBXBuildFile; fileRef = 12F035A013CA7DD6001B5A27 /* smbPitchShift.m */; };
		12F45C00147B5C550061E65C /* CoreMIDI.framework in Frameworks */ = {isa = PBXBuildFile; fileRef = 12F45BFF147B5C550061E65C /* CoreMIDI.framework */; };
		12F45C07147B71030061E65C /* InfoPlist.strings in Resources */ = {isa = PBXBuildFile; fileRef = 12F45C06147B71030061E65C /* InfoPlist.strings */; };
		12FED70E13C7A84F00703B54 /* Accelerate.framework in Frameworks */ = {isa = PBXBuildFile; fileRef = 12FED70D13C7A84F00703B54 /* Accelerate.framework */; };
		1D3623260D0F684500981E51 /* MixerHostAppDelegate.m in Sources */ = {isa = PBXBuildFile; fileRef = 1D3623250D0F684500981E51 /* MixerHostAppDelegate.m */; };
		1D60589B0D05DD56006BFB54 /* main.m in Sources */ = {isa = PBXBuildFile; fileRef = 29B97316FDCFA39411CA2CEA /* main.m */; };
		1D60589F0D05DD5A006BFB54 /* Foundation.framework in Frameworks */ = {isa = PBXBuildFile; fileRef = 1D30AB110D05D00D00671497 /* Foundation.framework */; };
		1DF5F4E00D08C38300B7A737 /* UIKit.framework in Frameworks */ = {isa = PBXBuildFile; fileRef = 1DF5F4DF0D08C38300B7A737 /* UIKit.framework */; };
		28D7ACF80DDB3853001CB0EB /* MixerHostViewController.m in Sources */ = {isa = PBXBuildFile; fileRef = 28D7ACF70DDB3853001CB0EB /* MixerHostViewController.m */; };
/* End PBXBuildFile section */

/* Begin PBXFileReference section */
		0A58F3D3111CB6B50075A94F /* AudioToolbox.framework */ = {isa = PBXFileReference; lastKnownFileType = wrapper.framework; name = AudioToolbox.framework; path = System/Library/Frameworks/AudioToolbox.framework; sourceTree = SDKROOT; };
		0A63D1BD11ECEE0400686627 /* en */ = {isa = PBXFileReference; lastKnownFileType = file.xib; name = en; path = MainWindow.xib; sourceTree = "<group>"; };
		0A63D29111ED1D6900686627 /* rounded_rectangle.png */ = {isa = PBXFileReference; lastKnownFileType = image.png; path = rounded_rectangle.png; sourceTree = "<group>"; };
		0A63D36011ED318800686627 /* Icon-72.png */ = {isa = PBXFileReference; lastKnownFileType = image.png; path = "Icon-72.png"; sourceTree = "<group>"; };
		0A63D36111ED318800686627 /* Icon-Small-50.png */ = {isa = PBXFileReference; lastKnownFileType = image.png; path = "Icon-Small-50.png"; sourceTree = "<group>"; };
		0A63D36211ED318800686627 /* Icon-Small.png */ = {isa = PBXFileReference; lastKnownFileType = image.png; path = "Icon-Small.png"; sourceTree = "<group>"; };
		0A63D36311ED318800686627 /* Icon-Small@2x.png */ = {isa = PBXFileReference; lastKnownFileType = image.png; path = "Icon-Small@2x.png"; sourceTree = "<group>"; };
		0A63D36411ED318800686627 /* Icon.png */ = {isa = PBXFileReference; lastKnownFileType = image.png; path = Icon.png; sourceTree = "<group>"; };
		0A63D36511ED318800686627 /* Icon@2x.png */ = {isa = PBXFileReference; lastKnownFileType = image.png; path = "Icon@2x.png"; sourceTree = "<group>"; };
		0A63D36611ED318800686627 /* iTunesArtwork */ = {isa = PBXFileReference; lastKnownFileType = text; path = iTunesArtwork; sourceTree = "<group>"; };
		0A63D37611ED322500686627 /* Default.png */ = {isa = PBXFileReference; lastKnownFileType = image.png; path = Default.png; sourceTree = "<group>"; };
		0ACE7993118E259E00C092B8 /* AVFoundation.framework */ = {isa = PBXFileReference; lastKnownFileType = wrapper.framework; name = AVFoundation.framework; path = System/Library/Frameworks/AVFoundation.framework; sourceTree = SDKROOT; };
		0AFAF1DE111B982200B42D9F /* MixerHostAudio.h */ = {isa = PBXFileReference; fileEncoding = 4; lastKnownFileType = sourcecode.c.h; path = MixerHostAudio.h; sourceTree = "<group>"; };
		0AFAF1DF111B982200B42D9F /* MixerHostAudio.m */ = {isa = PBXFileReference; fileEncoding = 4; lastKnownFileType = sourcecode.c.objc; path = MixerHostAudio.m; sourceTree = "<group>"; };
		120AFC07147AC56400881631 /* SNFCoreAudioUtils.c */ = {isa = PBXFileReference; fileEncoding = 4; lastKnownFileType = sourcecode.c.c; name = SNFCoreAudioUtils.c; path = Classes/SNFCoreAudioUtils.c; sourceTree = "<group>"; };
		120AFC08147AC56400881631 /* SNFCoreAudioUtils.h */ = {isa = PBXFileReference; fileEncoding = 4; lastKnownFileType = sourcecode.c.h; name = SNFCoreAudioUtils.h; path = Classes/SNFCoreAudioUtils.h; sourceTree = "<group>"; };
		125F63CB16E3FF69004D1BFF /* en */ = {isa = PBXFileReference; lastKnownFileType = file.xib; name = en; path = MixerHostViewController.xib; sourceTree = "<group>"; };
		125F63CE16E3FF7A004D1BFF /* en */ = {isa = PBXFileReference; lastKnownFileType = file.xib; name = en; path = "Resources/en.lproj/MixerHostViewController~ipad.xib"; sourceTree = "<group>"; };
		125FA8CD148B77FC0012A06D /* Default-Portrait~ipad.png */ = {isa = PBXFileReference; lastKnownFileType = image.png; path = "Default-Portrait~ipad.png"; sourceTree = "<group>"; };
		1265ACBA1487203500122583 /* Sounds */ = {isa = PBXFileReference; lastKnownFileType = folder; path = Sounds; sourceTree = "<group>"; };
		12819C381478A5120095F30F /* TPCircularBuffer.h */ = {isa = PBXFileReference; fileEncoding = 4; lastKnownFileType = sourcecode.c.h; path = TPCircularBuffer.h; sourceTree = "<group>"; };
		128D14A3148B773600A14BF4 /* Default@2x.png */ = {isa = PBXFileReference; lastKnownFileType = image.png; path = "Default@2x.png"; sourceTree = "<group>"; };
		12A466BA148A6F6D0051ADA3 /* en */ = {isa = PBXFileReference; lastKnownFileType = file.xib; name = en; path = "Resources/iPad/en.lproj/MainWindow-iPad.xib"; sourceTree = "<group>"; };
		12B1F29C146A1F1A009C0367 /* TPCircularBuffer.c */ = {isa = PBXFileReference; fileEncoding = 4; lastKnownFileType = sourcecode.c.c; path = TPCircularBuffer.c; sourceTree = "<group>"; };
		12DEF622148538300047696C /* congaloop.caf */ = {isa = PBXFileReference; lastKnownFileType = file; path = congaloop.caf; sourceTree = "<group>"; };
		12DEF624148539930047696C /* caitlin.caf */ = {isa = PBXFileReference; lastKnownFileType = file; path = caitlin.caf; sourceTree = "<group>"; };
		12DEF62C148602D50047696C /* lead.aupreset */ = {isa = PBXFileReference; fileEncoding = 4; lastKnownFileType = text.xml; path = lead.aupreset; sourceTree = "<group>"; };
		12E21C7516E3CF7800BAAB3F /* Default-568h@2x.png */ = {isa = PBXFileReference; lastKnownFileType = image.png; path = "Default-568h@2x.png"; sourceTree = "<group>"; };
		12F035A013CA7DD6001B5A27 /* smbPitchShift.m */ = {isa = PBXFileReference; fileEncoding = 4; lastKnownFileType = sourcecode.c.objc; path = smbPitchShift.m; sourceTree = "<group>"; };
		12F45BFF147B5C550061E65C /* CoreMIDI.framework */ = {isa = PBXFileReference; lastKnownFileType = wrapper.framework; name = CoreMIDI.framework; path = System/Library/Frameworks/CoreMIDI.framework; sourceTree = SDKROOT; };
		12F45C06147B71030061E65C /* InfoPlist.strings */ = {isa = PBXFileReference; fileEncoding = 4; lastKnownFileType = text.plist.strings; name = InfoPlist.strings; path = ../../InfoPlist.strings; sourceTree = "<group>"; };
		12FED70D13C7A84F00703B54 /* Accelerate.framework */ = {isa = PBXFileReference; lastKnownFileType = wrapper.framework; name = Accelerate.framework; path = System/Library/Frameworks/Accelerate.framework; sourceTree = SDKROOT; };
		1D30AB110D05D00D00671497 /* Foundation.framework */ = {isa = PBXFileReference; lastKnownFileType = wrapper.framework; name = Foundation.framework; path = System/Library/Frameworks/Foundation.framework; sourceTree = SDKROOT; };
		1D3623240D0F684500981E51 /* MixerHostAppDelegate.h */ = {isa = PBXFileReference; fileEncoding = 4; lastKnownFileType = sourcecode.c.h; path = MixerHostAppDelegate.h; sourceTree = "<group>"; };
		1D3623250D0F684500981E51 /* MixerHostAppDelegate.m */ = {isa = PBXFileReference; fileEncoding = 4; lastKnownFileType = sourcecode.c.objc; path = MixerHostAppDelegate.m; sourceTree = "<group>"; };
		1D6058910D05DD3D006BFB54 /* audioGraph.app */ = {isa = PBXFileReference; explicitFileType = wrapper.application; includeInIndex = 0; path = audioGraph.app; sourceTree = BUILT_PRODUCTS_DIR; };
		1DF5F4DF0D08C38300B7A737 /* UIKit.framework */ = {isa = PBXFileReference; lastKnownFileType = wrapper.framework; name = UIKit.framework; path = System/Library/Frameworks/UIKit.framework; sourceTree = SDKROOT; };
		28D7ACF60DDB3853001CB0EB /* MixerHostViewController.h */ = {isa = PBXFileReference; fileEncoding = 4; lastKnownFileType = sourcecode.c.h; path = MixerHostViewController.h; sourceTree = "<group>"; };
		28D7ACF70DDB3853001CB0EB /* MixerHostViewController.m */ = {isa = PBXFileReference; fileEncoding = 4; lastKnownFileType = sourcecode.c.objc; path = MixerHostViewController.m; sourceTree = "<group>"; };
		29B97316FDCFA39411CA2CEA /* main.m */ = {isa = PBXFileReference; fileEncoding = 4; lastKnownFileType = sourcecode.c.objc; path = main.m; sourceTree = "<group>"; };
		32CA4F630368D1EE00C91783 /* audioGraph_Prefix.pch */ = {isa = PBXFileReference; fileEncoding = 4; lastKnownFileType = sourcecode.c.h; path = audioGraph_Prefix.pch; sourceTree = "<group>"; };
		8D1107310486CEB800E47090 /* audioGraph-Info.plist */ = {isa = PBXFileReference; fileEncoding = 4; lastKnownFileType = text.plist.xml; path = "audioGraph-Info.plist"; plistStructureDefinitionIdentifier = "com.apple.xcode.plist.structure-definition.iphone.info-plist"; sourceTree = "<group>"; };
/* End PBXFileReference section */

/* Begin PBXFrameworksBuildPhase section */
		1D60588F0D05DD3D006BFB54 /* Frameworks */ = {
			isa = PBXFrameworksBuildPhase;
			buildActionMask = 2147483647;
			files = (
				12F45C00147B5C550061E65C /* CoreMIDI.framework in Frameworks */,
				1D60589F0D05DD5A006BFB54 /* Foundation.framework in Frameworks */,
				1DF5F4E00D08C38300B7A737 /* UIKit.framework in Frameworks */,
				0A58F3D4111CB6B50075A94F /* AudioToolbox.framework in Frameworks */,
				0ACE7994118E259E00C092B8 /* AVFoundation.framework in Frameworks */,
				12FED70E13C7A84F00703B54 /* Accelerate.framework in Frameworks */,
			);
			runOnlyForDeploymentPostprocessing = 0;
		};
/* End PBXFrameworksBuildPhase section */

/* Begin PBXGroup section */
		080E96DDFE201D6D7F000001 /* Classes */ = {
			isa = PBXGroup;
			children = (
				1D3623240D0F684500981E51 /* MixerHostAppDelegate.h */,
				1D3623250D0F684500981E51 /* MixerHostAppDelegate.m */,
				28D7ACF60DDB3853001CB0EB /* MixerHostViewController.h */,
				28D7ACF70DDB3853001CB0EB /* MixerHostViewController.m */,
				0AFAF1DE111B982200B42D9F /* MixerHostAudio.h */,
				0AFAF1DF111B982200B42D9F /* MixerHostAudio.m */,
			);
			path = Classes;
			sourceTree = "<group>";
		};
		0A63D1BB11ECEE0400686627 /* en.lproj */ = {
			isa = PBXGroup;
			children = (
				125F63CA16E3FF69004D1BFF /* MixerHostViewController.xib */,
				12F45C06147B71030061E65C /* InfoPlist.strings */,
				0A63D1BC11ECEE0400686627 /* MainWindow.xib */,
			);
			name = en.lproj;
			path = Resources/en.lproj;
			sourceTree = "<group>";
		};
		0A63D29011ED1D6900686627 /* images */ = {
			isa = PBXGroup;
			children = (
				125FA8CD148B77FC0012A06D /* Default-Portrait~ipad.png */,
				128D14A3148B773600A14BF4 /* Default@2x.png */,
				0A63D37611ED322500686627 /* Default.png */,
				0A63D36011ED318800686627 /* Icon-72.png */,
				0A63D36111ED318800686627 /* Icon-Small-50.png */,
				0A63D36211ED318800686627 /* Icon-Small.png */,
				0A63D36311ED318800686627 /* Icon-Small@2x.png */,
				0A63D36411ED318800686627 /* Icon.png */,
				0A63D36511ED318800686627 /* Icon@2x.png */,
				0A63D36611ED318800686627 /* iTunesArtwork */,
				0A63D29111ED1D6900686627 /* rounded_rectangle.png */,
			);
			name = images;
			path = Resources/images;
			sourceTree = "<group>";
		};
		0A63D29211ED1D6900686627 /* sounds */ = {
			isa = PBXGroup;
			children = (
				12DEF624148539930047696C /* caitlin.caf */,
				12DEF622148538300047696C /* congaloop.caf */,
			);
			name = sounds;
			path = Resources/sounds;
			sourceTree = "<group>";
		};
		12A466B8148A6F6D0051ADA3 /* iPad */ = {
			isa = PBXGroup;
			children = (
				125F63CD16E3FF7A004D1BFF /* MixerHostViewController~ipad.xib */,
				12A466B9148A6F6D0051ADA3 /* MainWindow-iPad.xib */,
			);
			name = iPad;
			sourceTree = "<group>";
		};
		19C28FACFE9D520D11CA2CBB /* Products */ = {
			isa = PBXGroup;
			children = (
				1D6058910D05DD3D006BFB54 /* audioGraph.app */,
			);
			name = Products;
			sourceTree = "<group>";
		};
		29B97314FDCFA39411CA2CEA /* CustomTemplate */ = {
			isa = PBXGroup;
			children = (
				12E21C7516E3CF7800BAAB3F /* Default-568h@2x.png */,
				080E96DDFE201D6D7F000001 /* Classes */,
				29B97315FDCFA39411CA2CEA /* Other Sources */,
				29B97317FDCFA39411CA2CEA /* Resources */,
				12A466B8148A6F6D0051ADA3 /* iPad */,
				29B97323FDCFA39411CA2CEA /* Frameworks */,
				19C28FACFE9D520D11CA2CBB /* Products */,
			);
			name = CustomTemplate;
			sourceTree = "<group>";
		};
		29B97315FDCFA39411CA2CEA /* Other Sources */ = {
			isa = PBXGroup;
			children = (
				120AFC07147AC56400881631 /* SNFCoreAudioUtils.c */,
				120AFC08147AC56400881631 /* SNFCoreAudioUtils.h */,
				12819C381478A5120095F30F /* TPCircularBuffer.h */,
				12B1F29C146A1F1A009C0367 /* TPCircularBuffer.c */,
				12F035A013CA7DD6001B5A27 /* smbPitchShift.m */,
				32CA4F630368D1EE00C91783 /* audioGraph_Prefix.pch */,
				29B97316FDCFA39411CA2CEA /* main.m */,
			);
			name = "Other Sources";
			sourceTree = "<group>";
		};
		29B97317FDCFA39411CA2CEA /* Resources */ = {
			isa = PBXGroup;
			children = (
				1265ACBA1487203500122583 /* Sounds */,
				12DEF62C148602D50047696C /* lead.aupreset */,
				8D1107310486CEB800E47090 /* audioGraph-Info.plist */,
				0A63D29011ED1D6900686627 /* images */,
				0A63D29211ED1D6900686627 /* sounds */,
				0A63D1BB11ECEE0400686627 /* en.lproj */,
			);
			name = Resources;
			sourceTree = "<group>";
		};
		29B97323FDCFA39411CA2CEA /* Frameworks */ = {
			isa = PBXGroup;
			children = (
				12FED70D13C7A84F00703B54 /* Accelerate.framework */,
				12F45BFF147B5C550061E65C /* CoreMIDI.framework */,
				1DF5F4DF0D08C38300B7A737 /* UIKit.framework */,
				1D30AB110D05D00D00671497 /* Foundation.framework */,
				0A58F3D3111CB6B50075A94F /* AudioToolbox.framework */,
				0ACE7993118E259E00C092B8 /* AVFoundation.framework */,
			);
			name = Frameworks;
			sourceTree = "<group>";
		};
/* End PBXGroup section */

/* Begin PBXNativeTarget section */
		1D6058900D05DD3D006BFB54 /* audioGraph */ = {
			isa = PBXNativeTarget;
			buildConfigurationList = 1D6058960D05DD3E006BFB54 /* Build configuration list for PBXNativeTarget "audioGraph" */;
			buildPhases = (
				1D60588D0D05DD3D006BFB54 /* Resources */,
				1D60588E0D05DD3D006BFB54 /* Sources */,
				1D60588F0D05DD3D006BFB54 /* Frameworks */,
			);
			buildRules = (
			);
			dependencies = (
			);
			name = audioGraph;
			productName = MixerHost;
			productReference = 1D6058910D05DD3D006BFB54 /* audioGraph.app */;
			productType = "com.apple.product-type.application";
		};
/* End PBXNativeTarget section */

/* Begin PBXProject section */
		29B97313FDCFA39411CA2CEA /* Project object */ = {
			isa = PBXProject;
			attributes = {
				LastUpgradeCheck = 0460;
			};
			buildConfigurationList = C01FCF4E08A954540054247B /* Build configuration list for PBXProject "audioGraph" */;
			compatibilityVersion = "Xcode 3.2";
			developmentRegion = English;
			hasScannedForEncodings = 1;
			knownRegions = (
				English,
				Japanese,
				French,
				German,
				en,
			);
			mainGroup = 29B97314FDCFA39411CA2CEA /* CustomTemplate */;
			projectDirPath = "";
			projectRoot = "";
			targets = (
				1D6058900D05DD3D006BFB54 /* audioGraph */,
			);
		};
/* End PBXProject section */

/* Begin PBXResourcesBuildPhase section */
		1D60588D0D05DD3D006BFB54 /* Resources */ = {
			isa = PBXResourcesBuildPhase;
			buildActionMask = 2147483647;
			files = (
				0A63D1C011ECEE0400686627 /* MainWindow.xib in Resources */,
				0A63D29511ED1D6900686627 /* rounded_rectangle.png in Resources */,
				0A63D36711ED318800686627 /* Icon-72.png in Resources */,
				0A63D36811ED318800686627 /* Icon-Small-50.png in Resources */,
				0A63D36911ED318800686627 /* Icon-Small.png in Resources */,
				0A63D36A11ED318800686627 /* Icon-Small@2x.png in Resources */,
				0A63D36B11ED318800686627 /* Icon.png in Resources */,
				0A63D36C11ED318800686627 /* Icon@2x.png in Resources */,
				0A63D36D11ED318800686627 /* iTunesArtwork in Resources */,
				0A63D37711ED322500686627 /* Default.png in Resources */,
				12F45C07147B71030061E65C /* InfoPlist.strings in Resources */,
				12DEF623148538300047696C /* congaloop.caf in Resources */,
				12DEF625148539930047696C /* caitlin.caf in Resources */,
				12DEF62D148602D50047696C /* lead.aupreset in Resources */,
				1265ACBB1487203500122583 /* Sounds in Resources */,
				12A466BB148A6F6D0051ADA3 /* MainWindow-iPad.xib in Resources */,
				128D14A5148B773600A14BF4 /* Default@2x.png in Resources */,
				125FA8CE148B77FC0012A06D /* Default-Portrait~ipad.png in Resources */,
				12E21C7616E3CF7800BAAB3F /* Default-568h@2x.png in Resources */,
				125F63CC16E3FF69004D1BFF /* MixerHostViewController.xib in Resources */,
				125F63CF16E3FF7A004D1BFF /* MixerHostViewController~ipad.xib in Resources */,
			);
			runOnlyForDeploymentPostprocessing = 0;
		};
/* End PBXResourcesBuildPhase section */

/* Begin PBXSourcesBuildPhase section */
		1D60588E0D05DD3D006BFB54 /* Sources */ = {
			isa = PBXSourcesBuildPhase;
			buildActionMask = 2147483647;
			files = (
				1D60589B0D05DD56006BFB54 /* main.m in Sources */,
				1D3623260D0F684500981E51 /* MixerHostAppDelegate.m in Sources */,
				28D7ACF80DDB3853001CB0EB /* MixerHostViewController.m in Sources */,
				0AFAF1E0111B982200B42D9F /* MixerHostAudio.m in Sources */,
				12F035A113CA7DD6001B5A27 /* smbPitchShift.m in Sources */,
				12B1F29D146A1F1A009C0367 /* TPCircularBuffer.c in Sources */,
				120AFC09147AC56400881631 /* SNFCoreAudioUtils.c in Sources */,
			);
			runOnlyForDeploymentPostprocessing = 0;
		};
/* End PBXSourcesBuildPhase section */

/* Begin PBXVariantGroup section */
		0A63D1BC11ECEE0400686627 /* MainWindow.xib */ = {
			isa = PBXVariantGroup;
			children = (
				0A63D1BD11ECEE0400686627 /* en */,
			);
			name = MainWindow.xib;
			sourceTree = "<group>";
		};
		125F63CA16E3FF69004D1BFF /* MixerHostViewController.xib */ = {
			isa = PBXVariantGroup;
			children = (
				125F63CB16E3FF69004D1BFF /* en */,
			);
			name = MixerHostViewController.xib;
			sourceTree = "<group>";
		};
		125F63CD16E3FF7A004D1BFF /* MixerHostViewController~ipad.xib */ = {
			isa = PBXVariantGroup;
			children = (
				125F63CE16E3FF7A004D1BFF /* en */,
			);
			name = "MixerHostViewController~ipad.xib";
			sourceTree = "<group>";
		};
		12A466B9148A6F6D0051ADA3 /* MainWindow-iPad.xib */ = {
			isa = PBXVariantGroup;
			children = (
				12A466BA148A6F6D0051ADA3 /* en */,
			);
			name = "MainWindow-iPad.xib";
			sourceTree = "<group>";
		};
/* End PBXVariantGroup section */

/* Begin XCBuildConfiguration section */
		1D6058940D05DD3E006BFB54 /* Debug */ = {
			isa = XCBuildConfiguration;
			buildSettings = {
				ALWAYS_SEARCH_USER_PATHS = NO;
				CODE_SIGN_IDENTITY = "iPhone Developer";
				COPY_PHASE_STRIP = NO;
				GCC_DYNAMIC_NO_PIC = NO;
				GCC_OPTIMIZATION_LEVEL = 0;
				GCC_PRECOMPILE_PREFIX_HEADER = YES;
				GCC_PREFIX_HEADER = audioGraph_Prefix.pch;
				INFOPLIST_FILE = "audioGraph-Info.plist";
				IPHONEOS_DEPLOYMENT_TARGET = 6.0;
				PRODUCT_NAME = audioGraph;
				PROVISIONING_PROFILE = "";
				SDKROOT = iphoneos;
				TARGETED_DEVICE_FAMILY = "1,2";
			};
			name = Debug;
		};
		1D6058950D05DD3E006BFB54 /* Release */ = {
			isa = XCBuildConfiguration;
			buildSettings = {
				ALWAYS_SEARCH_USER_PATHS = NO;
				CODE_SIGN_IDENTITY = "iPhone Distribution";
				"CODE_SIGN_IDENTITY[sdk=iphoneos*]" = "iPhone Developer";
				COPY_PHASE_STRIP = YES;
				GCC_PRECOMPILE_PREFIX_HEADER = YES;
				GCC_PREFIX_HEADER = audioGraph_Prefix.pch;
				INFOPLIST_FILE = "audioGraph-Info.plist";
				IPHONEOS_DEPLOYMENT_TARGET = 6.0;
				PRODUCT_NAME = audioGraph;
				PROVISIONING_PROFILE = "";
				"PROVISIONING_PROFILE[sdk=iphoneos*]" = "";
				SKIP_INSTALL = NO;
				TARGETED_DEVICE_FAMILY = "1,2";
			};
			name = Release;
		};
		C01FCF4F08A954540054247B /* Debug */ = {
			isa = XCBuildConfiguration;
			buildSettings = {
				ARCHS = "$(ARCHS_STANDARD_32_BIT)";
				CODE_SIGN_IDENTITY = "";
				"CODE_SIGN_IDENTITY[sdk=iphoneos*]" = "iPhone Developer";
				GCC_C_LANGUAGE_STANDARD = c99;
				GCC_WARN_ABOUT_RETURN_TYPE = YES;
				GCC_WARN_UNUSED_VARIABLE = YES;
				SDKROOT = iphoneos;
			};
			name = Debug;
		};
		C01FCF5008A954540054247B /* Release */ = {
			isa = XCBuildConfiguration;
			buildSettings = {
				ARCHS = "$(ARCHS_STANDARD_32_BIT)";
				CODE_SIGN_IDENTITY = "";
				"CODE_SIGN_IDENTITY[sdk=iphoneos*]" = "iPhone Developer";
				GCC_C_LANGUAGE_STANDARD = c99;
				GCC_WARN_ABOUT_RETURN_TYPE = YES;
				GCC_WARN_UNUSED_VARIABLE = YES;
				SDKROOT = iphoneos;
			};
			name = Release;
		};
/* End XCBuildConfiguration section */

/* Begin XCConfigurationList section */
		1D6058960D05DD3E006BFB54 /* Build configuration list for PBXNativeTarget "audioGraph" */ = {
			isa = XCConfigurationList;
			buildConfigurations = (
				1D6058940D05DD3E006BFB54 /* Debug */,
				1D6058950D05DD3E006BFB54 /* Release */,
			);
			defaultConfigurationIsVisible = 0;
			defaultConfigurationName = Release;
		};
		C01FCF4E08A954540054247B /* Build configuration list for PBXProject "audioGraph" */ = {
			isa = XCConfigurationList;
			buildConfigurations = (
				C01FCF4F08A954540054247B /* Debug */,
				C01FCF5008A954540054247B /* Release */,
			);
			defaultConfigurationIsVisible = 0;
			defaultConfigurationName = Release;
		};
/* End XCConfigurationList section */
	};
	rootObject = 29B97313FDCFA39411CA2CEA /* Project object */;
}
